
Microsoft Visual Studio Solution File, Format Version 12.00
# Visual Studio 2013
VisualStudioVersion = 12.0.30501.0
MinimumVisualStudioVersion = 10.0.40219.1
Project("{FAE04EC0-301F-11D3-BF4B-00C04F79EFBC}") = "projekt_akademia_file_destroyer", "projekt_akademia_file_destroyer\projekt_akademia_file_destroyer.csproj", "{83ED4D0B-D0C2-4722-A1EC-12A4226B2E12}"
EndProject
Global
	GlobalSection(SolutionConfigurationPlatforms) = preSolution
		Debug|Any CPU = Debug|Any CPU
		Release|Any CPU = Release|Any CPU
	EndGlobalSection
	GlobalSection(ProjectConfigurationPlatforms) = postSolution
		{83ED4D0B-D0C2-4722-A1EC-12A4226B2E12}.Debug|Any CPU.ActiveCfg = Debug|Any CPU
		{83ED4D0B-D0C2-4722-A1EC-12A4226B2E12}.Debug|Any CPU.Build.0 = Debug|Any CPU
		{83ED4D0B-D0C2-4722-A1EC-12A4226B2E12}.Release|Any CPU.ActiveCfg = Release|Any CPU
		{83ED4D0B-D0C2-4722-A1EC-12A4226B2E12}.Release|Any CPU.Build.0 = Release|Any CPU
	EndGlobalSection
	GlobalSection(SolutionProperties) = preSolution
		HideSolutionNode = FALSE
	EndGlobalSection
EndGlobal
